// !$*UTF8*$!
{
	archiveVersion = 1;
	classes = {
	};
	objectVersion = 56;
	objects = {

/* Begin PBXBuildFile section */
		81336CB92C115D9C00703870 /* PenguinGameApp.swift in Sources */ = {isa = PBXBuildFile; fileRef = 81336CB82C115D9C00703870 /* PenguinGameApp.swift */; };
		81336CBB2C115D9C00703870 /* PenguinGameView.swift in Sources */ = {isa = PBXBuildFile; fileRef = 81336CBA2C115D9C00703870 /* PenguinGameView.swift */; };
		81336CBD2C115D9E00703870 /* Assets.xcassets in Resources */ = {isa = PBXBuildFile; fileRef = 81336CBC2C115D9E00703870 /* Assets.xcassets */; };
		81336CC02C115D9E00703870 /* Preview Assets.xcassets in Resources */ = {isa = PBXBuildFile; fileRef = 81336CBF2C115D9E00703870 /* Preview Assets.xcassets */; };
		81336CCA2C115D9E00703870 /* PenguinGameTests.swift in Sources */ = {isa = PBXBuildFile; fileRef = 81336CC92C115D9E00703870 /* PenguinGameTests.swift */; };
		81336CD42C115D9E00703870 /* PenguinGameUITests.swift in Sources */ = {isa = PBXBuildFile; fileRef = 81336CD32C115D9E00703870 /* PenguinGameUITests.swift */; };
		81336CD62C115D9E00703870 /* PenguinGameUITestsLaunchTests.swift in Sources */ = {isa = PBXBuildFile; fileRef = 81336CD52C115D9E00703870 /* PenguinGameUITestsLaunchTests.swift */; };
		81336CE32C115DB400703870 /* MotionManager.swift in Sources */ = {isa = PBXBuildFile; fileRef = 81336CE22C115DB400703870 /* MotionManager.swift */; };
/* End PBXBuildFile section */

/* Begin PBXContainerItemProxy section */
		81336CC62C115D9E00703870 /* PBXContainerItemProxy */ = {
			isa = PBXContainerItemProxy;
			containerPortal = 81336CAD2C115D9C00703870 /* Project object */;
			proxyType = 1;
			remoteGlobalIDString = 81336CB42C115D9C00703870;
			remoteInfo = PenguinGame;
		};
		81336CD02C115D9E00703870 /* PBXContainerItemProxy */ = {
			isa = PBXContainerItemProxy;
			containerPortal = 81336CAD2C115D9C00703870 /* Project object */;
			proxyType = 1;
			remoteGlobalIDString = 81336CB42C115D9C00703870;
			remoteInfo = PenguinGame;
		};
/* End PBXContainerItemProxy section */

/* Begin PBXFileReference section */
		81336CB52C115D9C00703870 /* PenguinGame.app */ = {isa = PBXFileReference; explicitFileType = wrapper.application; includeInIndex = 0; path = PenguinGame.app; sourceTree = BUILT_PRODUCTS_DIR; };
		81336CB82C115D9C00703870 /* PenguinGameApp.swift */ = {isa = PBXFileReference; lastKnownFileType = sourcecode.swift; path = PenguinGameApp.swift; sourceTree = "<group>"; };
		81336CBA2C115D9C00703870 /* PenguinGameView.swift */ = {isa = PBXFileReference; lastKnownFileType = sourcecode.swift; path = PenguinGameView.swift; sourceTree = "<group>"; };
		81336CBC2C115D9E00703870 /* Assets.xcassets */ = {isa = PBXFileReference; lastKnownFileType = folder.assetcatalog; path = Assets.xcassets; sourceTree = "<group>"; };
		81336CBF2C115D9E00703870 /* Preview Assets.xcassets */ = {isa = PBXFileReference; lastKnownFileType = folder.assetcatalog; path = "Preview Assets.xcassets"; sourceTree = "<group>"; };
		81336CC52C115D9E00703870 /* PenguinGameTests.xctest */ = {isa = PBXFileReference; explicitFileType = wrapper.cfbundle; includeInIndex = 0; path = PenguinGameTests.xctest; sourceTree = BUILT_PRODUCTS_DIR; };
		81336CC92C115D9E00703870 /* PenguinGameTests.swift */ = {isa = PBXFileReference; lastKnownFileType = sourcecode.swift; path = PenguinGameTests.swift; sourceTree = "<group>"; };
		81336CCF2C115D9E00703870 /* PenguinGameUITests.xctest */ = {isa = PBXFileReference; explicitFileType = wrapper.cfbundle; includeInIndex = 0; path = PenguinGameUITests.xctest; sourceTree = BUILT_PRODUCTS_DIR; };
		81336CD32C115D9E00703870 /* PenguinGameUITests.swift */ = {isa = PBXFileReference; lastKnownFileType = sourcecode.swift; path = PenguinGameUITests.swift; sourceTree = "<group>"; };
		81336CD52C115D9E00703870 /* PenguinGameUITestsLaunchTests.swift */ = {isa = PBXFileReference; lastKnownFileType = sourcecode.swift; path = PenguinGameUITestsLaunchTests.swift; sourceTree = "<group>"; };
		81336CE22C115DB400703870 /* MotionManager.swift */ = {isa = PBXFileReference; lastKnownFileType = sourcecode.swift; path = MotionManager.swift; sourceTree = "<group>"; };
/* End PBXFileReference section */

/* Begin PBXFrameworksBuildPhase section */
		81336CB22C115D9C00703870 /* Frameworks */ = {
			isa = PBXFrameworksBuildPhase;
			buildActionMask = 2147483647;
			files = (
			);
			runOnlyForDeploymentPostprocessing = 0;
		};
		81336CC22C115D9E00703870 /* Frameworks */ = {
			isa = PBXFrameworksBuildPhase;
			buildActionMask = 2147483647;
			files = (
			);
			runOnlyForDeploymentPostprocessing = 0;
		};
		81336CCC2C115D9E00703870 /* Frameworks */ = {
			isa = PBXFrameworksBuildPhase;
			buildActionMask = 2147483647;
			files = (
			);
			runOnlyForDeploymentPostprocessing = 0;
		};
/* End PBXFrameworksBuildPhase section */

/* Begin PBXGroup section */
		81336CAC2C115D9C00703870 = {
			isa = PBXGroup;
			children = (
				81336CB72C115D9C00703870 /* PenguinGame */,
				81336CC82C115D9E00703870 /* PenguinGameTests */,
				81336CD22C115D9E00703870 /* PenguinGameUITests */,
				81336CB62C115D9C00703870 /* Products */,
			);
			sourceTree = "<group>";
		};
		81336CB62C115D9C00703870 /* Products */ = {
			isa = PBXGroup;
			children = (
				81336CB52C115D9C00703870 /* PenguinGame.app */,
				81336CC52C115D9E00703870 /* PenguinGameTests.xctest */,
				81336CCF2C115D9E00703870 /* PenguinGameUITests.xctest */,
			);
			name = Products;
			sourceTree = "<group>";
		};
		81336CB72C115D9C00703870 /* PenguinGame */ = {
			isa = PBXGroup;
			children = (
				81336CB82C115D9C00703870 /* PenguinGameApp.swift */,
				81336CBA2C115D9C00703870 /* PenguinGameView.swift */,
				81336CBC2C115D9E00703870 /* Assets.xcassets */,
				81336CBE2C115D9E00703870 /* Preview Content */,
				81336CE22C115DB400703870 /* MotionManager.swift */,
			);
			path = PenguinGame;
			sourceTree = "<group>";
		};
		81336CBE2C115D9E00703870 /* Preview Content */ = {
			isa = PBXGroup;
			children = (
				81336CBF2C115D9E00703870 /* Preview Assets.xcassets */,
			);
			path = "Preview Content";
			sourceTree = "<group>";
		};
		81336CC82C115D9E00703870 /* PenguinGameTests */ = {
			isa = PBXGroup;
			children = (
				81336CC92C115D9E00703870 /* PenguinGameTests.swift */,
			);
			path = PenguinGameTests;
			sourceTree = "<group>";
		};
		81336CD22C115D9E00703870 /* PenguinGameUITests */ = {
			isa = PBXGroup;
			children = (
				81336CD32C115D9E00703870 /* PenguinGameUITests.swift */,
				81336CD52C115D9E00703870 /* PenguinGameUITestsLaunchTests.swift */,
			);
			path = PenguinGameUITests;
			sourceTree = "<group>";
		};
/* End PBXGroup section */

/* Begin PBXNativeTarget section */
		81336CB42C115D9C00703870 /* PenguinGame */ = {
			isa = PBXNativeTarget;
			buildConfigurationList = 81336CD92C115D9E00703870 /* Build configuration list for PBXNativeTarget "PenguinGame" */;
			buildPhases = (
				81336CB12C115D9C00703870 /* Sources */,
				81336CB22C115D9C00703870 /* Frameworks */,
				81336CB32C115D9C00703870 /* Resources */,
			);
			buildRules = (
			);
			dependencies = (
			);
			name = PenguinGame;
			productName = PenguinGame;
			productReference = 81336CB52C115D9C00703870 /* PenguinGame.app */;
			productType = "com.apple.product-type.application";
		};
		81336CC42C115D9E00703870 /* PenguinGameTests */ = {
			isa = PBXNativeTarget;
			buildConfigurationList = 81336CDC2C115D9E00703870 /* Build configuration list for PBXNativeTarget "PenguinGameTests" */;
			buildPhases = (
				81336CC12C115D9E00703870 /* Sources */,
				81336CC22C115D9E00703870 /* Frameworks */,
				81336CC32C115D9E00703870 /* Resources */,
			);
			buildRules = (
			);
			dependencies = (
				81336CC72C115D9E00703870 /* PBXTargetDependency */,
			);
			name = PenguinGameTests;
			productName = PenguinGameTests;
			productReference = 81336CC52C115D9E00703870 /* PenguinGameTests.xctest */;
			productType = "com.apple.product-type.bundle.unit-test";
		};
		81336CCE2C115D9E00703870 /* PenguinGameUITests */ = {
			isa = PBXNativeTarget;
			buildConfigurationList = 81336CDF2C115D9E00703870 /* Build configuration list for PBXNativeTarget "PenguinGameUITests" */;
			buildPhases = (
				81336CCB2C115D9E00703870 /* Sources */,
				81336CCC2C115D9E00703870 /* Frameworks */,
				81336CCD2C115D9E00703870 /* Resources */,
			);
			buildRules = (
			);
			dependencies = (
				81336CD12C115D9E00703870 /* PBXTargetDependency */,
			);
			name = PenguinGameUITests;
			productName = PenguinGameUITests;
			productReference = 81336CCF2C115D9E00703870 /* PenguinGameUITests.xctest */;
			productType = "com.apple.product-type.bundle.ui-testing";
		};
/* End PBXNativeTarget section */

/* Begin PBXProject section */
		81336CAD2C115D9C00703870 /* Project object */ = {
			isa = PBXProject;
			attributes = {
				BuildIndependentTargetsInParallel = 1;
				LastSwiftUpdateCheck = 1520;
				LastUpgradeCheck = 1520;
				TargetAttributes = {
					81336CB42C115D9C00703870 = {
						CreatedOnToolsVersion = 15.2;
					};
					81336CC42C115D9E00703870 = {
						CreatedOnToolsVersion = 15.2;
						TestTargetID = 81336CB42C115D9C00703870;
					};
					81336CCE2C115D9E00703870 = {
						CreatedOnToolsVersion = 15.2;
						TestTargetID = 81336CB42C115D9C00703870;
					};
				};
			};
			buildConfigurationList = 81336CB02C115D9C00703870 /* Build configuration list for PBXProject "PenguinGame" */;
			compatibilityVersion = "Xcode 14.0";
			developmentRegion = en;
			hasScannedForEncodings = 0;
			knownRegions = (
				en,
				Base,
			);
			mainGroup = 81336CAC2C115D9C00703870;
			productRefGroup = 81336CB62C115D9C00703870 /* Products */;
			projectDirPath = "";
			projectRoot = "";
			targets = (
				81336CB42C115D9C00703870 /* PenguinGame */,
				81336CC42C115D9E00703870 /* PenguinGameTests */,
				81336CCE2C115D9E00703870 /* PenguinGameUITests */,
			);
		};
/* End PBXProject section */

/* Begin PBXResourcesBuildPhase section */
		81336CB32C115D9C00703870 /* Resources */ = {
			isa = PBXResourcesBuildPhase;
			buildActionMask = 2147483647;
			files = (
				81336CC02C115D9E00703870 /* Preview Assets.xcassets in Resources */,
				81336CBD2C115D9E00703870 /* Assets.xcassets in Resources */,
			);
			runOnlyForDeploymentPostprocessing = 0;
		};
		81336CC32C115D9E00703870 /* Resources */ = {
			isa = PBXResourcesBuildPhase;
			buildActionMask = 2147483647;
			files = (
			);
			runOnlyForDeploymentPostprocessing = 0;
		};
		81336CCD2C115D9E00703870 /* Resources */ = {
			isa = PBXResourcesBuildPhase;
			buildActionMask = 2147483647;
			files = (
			);
			runOnlyForDeploymentPostprocessing = 0;
		};
/* End PBXResourcesBuildPhase section */

/* Begin PBXSourcesBuildPhase section */
		81336CB12C115D9C00703870 /* Sources */ = {
			isa = PBXSourcesBuildPhase;
			buildActionMask = 2147483647;
			files = (
				81336CBB2C115D9C00703870 /* PenguinGameView.swift in Sources */,
				81336CE32C115DB400703870 /* MotionManager.swift in Sources */,
				81336CB92C115D9C00703870 /* PenguinGameApp.swift in Sources */,
			);
			runOnlyForDeploymentPostprocessing = 0;
		};
		81336CC12C115D9E00703870 /* Sources */ = {
			isa = PBXSourcesBuildPhase;
			buildActionMask = 2147483647;
			files = (
				81336CCA2C115D9E00703870 /* PenguinGameTests.swift in Sources */,
			);
			runOnlyForDeploymentPostprocessing = 0;
		};
		81336CCB2C115D9E00703870 /* Sources */ = {
			isa = PBXSourcesBuildPhase;
			buildActionMask = 2147483647;
			files = (
				81336CD42C115D9E00703870 /* PenguinGameUITests.swift in Sources */,
				81336CD62C115D9E00703870 /* PenguinGameUITestsLaunchTests.swift in Sources */,
			);
			runOnlyForDeploymentPostprocessing = 0;
		};
/* End PBXSourcesBuildPhase section */

/* Begin PBXTargetDependency section */
		81336CC72C115D9E00703870 /* PBXTargetDependency */ = {
			isa = PBXTargetDependency;
			target = 81336CB42C115D9C00703870 /* PenguinGame */;
			targetProxy = 81336CC62C115D9E00703870 /* PBXContainerItemProxy */;
		};
		81336CD12C115D9E00703870 /* PBXTargetDependency */ = {
			isa = PBXTargetDependency;
			target = 81336CB42C115D9C00703870 /* PenguinGame */;
			targetProxy = 81336CD02C115D9E00703870 /* PBXContainerItemProxy */;
		};
/* End PBXTargetDependency section */

/* Begin XCBuildConfiguration section */
		81336CD72C115D9E00703870 /* Debug */ = {
			isa = XCBuildConfiguration;
			buildSettings = {
				ALWAYS_SEARCH_USER_PATHS = NO;
				ASSETCATALOG_COMPILER_GENERATE_SWIFT_ASSET_SYMBOL_EXTENSIONS = YES;
				CLANG_ANALYZER_NONNULL = YES;
				CLANG_ANALYZER_NUMBER_OBJECT_CONVERSION = YES_AGGRESSIVE;
				CLANG_CXX_LANGUAGE_STANDARD = "gnu++20";
				CLANG_ENABLE_MODULES = YES;
				CLANG_ENABLE_OBJC_ARC = YES;
				CLANG_ENABLE_OBJC_WEAK = YES;
				CLANG_WARN_BLOCK_CAPTURE_AUTORELEASING = YES;
				CLANG_WARN_BOOL_CONVERSION = YES;
				CLANG_WARN_COMMA = YES;
				CLANG_WARN_CONSTANT_CONVERSION = YES;
				CLANG_WARN_DEPRECATED_OBJC_IMPLEMENTATIONS = YES;
				CLANG_WARN_DIRECT_OBJC_ISA_USAGE = YES_ERROR;
				CLANG_WARN_DOCUMENTATION_COMMENTS = YES;
				CLANG_WARN_EMPTY_BODY = YES;
				CLANG_WARN_ENUM_CONVERSION = YES;
				CLANG_WARN_INFINITE_RECURSION = YES;
				CLANG_WARN_INT_CONVERSION = YES;
				CLANG_WARN_NON_LITERAL_NULL_CONVERSION = YES;
				CLANG_WARN_OBJC_IMPLICIT_RETAIN_SELF = YES;
				CLANG_WARN_OBJC_LITERAL_CONVERSION = YES;
				CLANG_WARN_OBJC_ROOT_CLASS = YES_ERROR;
				CLANG_WARN_QUOTED_INCLUDE_IN_FRAMEWORK_HEADER = YES;
				CLANG_WARN_RANGE_LOOP_ANALYSIS = YES;
				CLANG_WARN_STRICT_PROTOTYPES = YES;
				CLANG_WARN_SUSPICIOUS_MOVE = YES;
				CLANG_WARN_UNGUARDED_AVAILABILITY = YES_AGGRESSIVE;
				CLANG_WARN_UNREACHABLE_CODE = YES;
				CLANG_WARN__DUPLICATE_METHOD_MATCH = YES;
				COPY_PHASE_STRIP = NO;
				DEBUG_INFORMATION_FORMAT = dwarf;
				ENABLE_STRICT_OBJC_MSGSEND = YES;
				ENABLE_TESTABILITY = YES;
				ENABLE_USER_SCRIPT_SANDBOXING = YES;
				GCC_C_LANGUAGE_STANDARD = gnu17;
				GCC_DYNAMIC_NO_PIC = NO;
				GCC_NO_COMMON_BLOCKS = YES;
				GCC_OPTIMIZATION_LEVEL = 0;
				GCC_PREPROCESSOR_DEFINITIONS = (
					"DEBUG=1",
					"$(inherited)",
				);
				GCC_WARN_64_TO_32_BIT_CONVERSION = YES;
				GCC_WARN_ABOUT_RETURN_TYPE = YES_ERROR;
				GCC_WARN_UNDECLARED_SELECTOR = YES;
				GCC_WARN_UNINITIALIZED_AUTOS = YES_AGGRESSIVE;
				GCC_WARN_UNUSED_FUNCTION = YES;
				GCC_WARN_UNUSED_VARIABLE = YES;
				IPHONEOS_DEPLOYMENT_TARGET = 17.2;
				LOCALIZATION_PREFERS_STRING_CATALOGS = YES;
				MTL_ENABLE_DEBUG_INFO = INCLUDE_SOURCE;
				MTL_FAST_MATH = YES;
				ONLY_ACTIVE_ARCH = YES;
				SDKROOT = iphoneos;
				SWIFT_ACTIVE_COMPILATION_CONDITIONS = "DEBUG $(inherited)";
				SWIFT_OPTIMIZATION_LEVEL = "-Onone";
			};
			name = Debug;
		};
		81336CD82C115D9E00703870 /* Release */ = {
			isa = XCBuildConfiguration;
			buildSettings = {
				ALWAYS_SEARCH_USER_PATHS = NO;
				ASSETCATALOG_COMPILER_GENERATE_SWIFT_ASSET_SYMBOL_EXTENSIONS = YES;
				CLANG_ANALYZER_NONNULL = YES;
				CLANG_ANALYZER_NUMBER_OBJECT_CONVERSION = YES_AGGRESSIVE;
				CLANG_CXX_LANGUAGE_STANDARD = "gnu++20";
				CLANG_ENABLE_MODULES = YES;
				CLANG_ENABLE_OBJC_ARC = YES;
				CLANG_ENABLE_OBJC_WEAK = YES;
				CLANG_WARN_BLOCK_CAPTURE_AUTORELEASING = YES;
				CLANG_WARN_BOOL_CONVERSION = YES;
				CLANG_WARN_COMMA = YES;
				CLANG_WARN_CONSTANT_CONVERSION = YES;
				CLANG_WARN_DEPRECATED_OBJC_IMPLEMENTATIONS = YES;
				CLANG_WARN_DIRECT_OBJC_ISA_USAGE = YES_ERROR;
				CLANG_WARN_DOCUMENTATION_COMMENTS = YES;
				CLANG_WARN_EMPTY_BODY = YES;
				CLANG_WARN_ENUM_CONVERSION = YES;
				CLANG_WARN_INFINITE_RECURSION = YES;
				CLANG_WARN_INT_CONVERSION = YES;
				CLANG_WARN_NON_LITERAL_NULL_CONVERSION = YES;
				CLANG_WARN_OBJC_IMPLICIT_RETAIN_SELF = YES;
				CLANG_WARN_OBJC_LITERAL_CONVERSION = YES;
				CLANG_WARN_OBJC_ROOT_CLASS = YES_ERROR;
				CLANG_WARN_QUOTED_INCLUDE_IN_FRAMEWORK_HEADER = YES;
				CLANG_WARN_RANGE_LOOP_ANALYSIS = YES;
				CLANG_WARN_STRICT_PROTOTYPES = YES;
				CLANG_WARN_SUSPICIOUS_MOVE = YES;
				CLANG_WARN_UNGUARDED_AVAILABILITY = YES_AGGRESSIVE;
				CLANG_WARN_UNREACHABLE_CODE = YES;
				CLANG_WARN__DUPLICATE_METHOD_MATCH = YES;
				COPY_PHASE_STRIP = NO;
				DEBUG_INFORMATION_FORMAT = "dwarf-with-dsym";
				ENABLE_NS_ASSERTIONS = NO;
				ENABLE_STRICT_OBJC_MSGSEND = YES;
				ENABLE_USER_SCRIPT_SANDBOXING = YES;
				GCC_C_LANGUAGE_STANDARD = gnu17;
				GCC_NO_COMMON_BLOCKS = YES;
				GCC_WARN_64_TO_32_BIT_CONVERSION = YES;
				GCC_WARN_ABOUT_RETURN_TYPE = YES_ERROR;
				GCC_WARN_UNDECLARED_SELECTOR = YES;
				GCC_WARN_UNINITIALIZED_AUTOS = YES_AGGRESSIVE;
				GCC_WARN_UNUSED_FUNCTION = YES;
				GCC_WARN_UNUSED_VARIABLE = YES;
				IPHONEOS_DEPLOYMENT_TARGET = 17.2;
				LOCALIZATION_PREFERS_STRING_CATALOGS = YES;
				MTL_ENABLE_DEBUG_INFO = NO;
				MTL_FAST_MATH = YES;
				SDKROOT = iphoneos;
				SWIFT_COMPILATION_MODE = wholemodule;
				VALIDATE_PRODUCT = YES;
			};
			name = Release;
		};
		81336CDA2C115D9E00703870 /* Debug */ = {
			isa = XCBuildConfiguration;
			buildSettings = {
				ASSETCATALOG_COMPILER_APPICON_NAME = AppIcon;
				ASSETCATALOG_COMPILER_GLOBAL_ACCENT_COLOR_NAME = AccentColor;
				CODE_SIGN_STYLE = Automatic;
				CURRENT_PROJECT_VERSION = 1;
				DEVELOPMENT_ASSET_PATHS = "\"PenguinGame/Preview Content\"";
				DEVELOPMENT_TEAM = 96FXBFR33T;
				ENABLE_PREVIEWS = YES;
				GENERATE_INFOPLIST_FILE = YES;
				INFOPLIST_KEY_UIApplicationSceneManifest_Generation = YES;
				INFOPLIST_KEY_UIApplicationSupportsIndirectInputEvents = YES;
				INFOPLIST_KEY_UILaunchScreen_Generation = YES;
				INFOPLIST_KEY_UISupportedInterfaceOrientations = UIInterfaceOrientationLandscapeLeft;
				INFOPLIST_KEY_UISupportedInterfaceOrientations_iPad = "UIInterfaceOrientationLandscapeLeft UIInterfaceOrientationLandscapeRight UIInterfaceOrientationPortrait UIInterfaceOrientationPortraitUpsideDown";
				LD_RUNPATH_SEARCH_PATHS = (
					"$(inherited)",
					"@executable_path/Frameworks",
				);
				MARKETING_VERSION = 1.0;
				PRODUCT_BUNDLE_IDENTIFIER = com.gvn.PenguinGame;
				PRODUCT_NAME = "$(TARGET_NAME)";
				SWIFT_EMIT_LOC_STRINGS = YES;
				SWIFT_VERSION = 5.0;
				TARGETED_DEVICE_FAMILY = "1,2";
			};
			name = Debug;
		};
		81336CDB2C115D9E00703870 /* Release */ = {
			isa = XCBuildConfiguration;
			buildSettings = {
				ASSETCATALOG_COMPILER_APPICON_NAME = AppIcon;
				ASSETCATALOG_COMPILER_GLOBAL_ACCENT_COLOR_NAME = AccentColor;
				CODE_SIGN_STYLE = Automatic;
				CURRENT_PROJECT_VERSION = 1;
				DEVELOPMENT_ASSET_PATHS = "\"PenguinGame/Preview Content\"";
				DEVELOPMENT_TEAM = 96FXBFR33T;
				ENABLE_PREVIEWS = YES;
				GENERATE_INFOPLIST_FILE = YES;
				INFOPLIST_KEY_UIApplicationSceneManifest_Generation = YES;
				INFOPLIST_KEY_UIApplicationSupportsIndirectInputEvents = YES;
				INFOPLIST_KEY_UILaunchScreen_Generation = YES;
				INFOPLIST_KEY_UISupportedInterfaceOrientations = UIInterfaceOrientationLandscapeLeft;
				INFOPLIST_KEY_UISupportedInterfaceOrientations_iPad = "UIInterfaceOrientationLandscapeLeft UIInterfaceOrientationLandscapeRight UIInterfaceOrientationPortrait UIInterfaceOrientationPortraitUpsideDown";
				LD_RUNPATH_SEARCH_PATHS = (
					"$(inherited)",
					"@executable_path/Frameworks",
				);
				MARKETING_VERSION = 1.0;
				PRODUCT_BUNDLE_IDENTIFIER = com.gvn.PenguinGame;
				PRODUCT_NAME = "$(TARGET_NAME)";
				SWIFT_EMIT_LOC_STRINGS = YES;
				SWIFT_VERSION = 5.0;
				TARGETED_DEVICE_FAMILY = "1,2";
			};
			name = Release;
		};
		81336CDD2C115D9E00703870 /* Debug */ = {
			isa = XCBuildConfiguration;
			buildSettings = {
				ALWAYS_EMBED_SWIFT_STANDARD_LIBRARIES = YES;
				BUNDLE_LOADER = "$(TEST_HOST)";
				CODE_SIGN_STYLE = Automatic;
				CURRENT_PROJECT_VERSION = 1;
				GENERATE_INFOPLIST_FILE = YES;
				IPHONEOS_DEPLOYMENT_TARGET = 17.2;
				MARKETING_VERSION = 1.0;
				PRODUCT_BUNDLE_IDENTIFIER = com.gvn.PenguinGameTests;
				PRODUCT_NAME = "$(TARGET_NAME)";
				SWIFT_EMIT_LOC_STRINGS = NO;
				SWIFT_VERSION = 5.0;
				TARGETED_DEVICE_FAMILY = "1,2";
				TEST_HOST = "$(BUILT_PRODUCTS_DIR)/PenguinGame.app/$(BUNDLE_EXECUTABLE_FOLDER_PATH)/PenguinGame";
			};
			name = Debug;
		};
		81336CDE2C115D9E00703870 /* Release */ = {
			isa = XCBuildConfiguration;
			buildSettings = {
				ALWAYS_EMBED_SWIFT_STANDARD_LIBRARIES = YES;
				BUNDLE_LOADER = "$(TEST_HOST)";
				CODE_SIGN_STYLE = Automatic;
				CURRENT_PROJECT_VERSION = 1;
				GENERATE_INFOPLIST_FILE = YES;
				IPHONEOS_DEPLOYMENT_TARGET = 17.2;
				MARKETING_VERSION = 1.0;
				PRODUCT_BUNDLE_IDENTIFIER = com.gvn.PenguinGameTests;
				PRODUCT_NAME = "$(TARGET_NAME)";
				SWIFT_EMIT_LOC_STRINGS = NO;
				SWIFT_VERSION = 5.0;
				TARGETED_DEVICE_FAMILY = "1,2";
				TEST_HOST = "$(BUILT_PRODUCTS_DIR)/PenguinGame.app/$(BUNDLE_EXECUTABLE_FOLDER_PATH)/PenguinGame";
			};
			name = Release;
		};
		81336CE02C115D9E00703870 /* Debug */ = {
			isa = XCBuildConfiguration;
			buildSettings = {
				ALWAYS_EMBED_SWIFT_STANDARD_LIBRARIES = YES;
				CODE_SIGN_STYLE = Automatic;
				CURRENT_PROJECT_VERSION = 1;
				GENERATE_INFOPLIST_FILE = YES;
				MARKETING_VERSION = 1.0;
				PRODUCT_BUNDLE_IDENTIFIER = com.gvn.PenguinGameUITests;
				PRODUCT_NAME = "$(TARGET_NAME)";
				SWIFT_EMIT_LOC_STRINGS = NO;
				SWIFT_VERSION = 5.0;
				TARGETED_DEVICE_FAMILY = "1,2";
				TEST_TARGET_NAME = PenguinGame;
			};
			name = Debug;
		};
		81336CE12C115D9E00703870 /* Release */ = {
			isa = XCBuildConfiguration;
			buildSettings = {
				ALWAYS_EMBED_SWIFT_STANDARD_LIBRARIES = YES;
				CODE_SIGN_STYLE = Automatic;
				CURRENT_PROJECT_VERSION = 1;
				GENERATE_INFOPLIST_FILE = YES;
				MARKETING_VERSION = 1.0;
				PRODUCT_BUNDLE_IDENTIFIER = com.gvn.PenguinGameUITests;
				PRODUCT_NAME = "$(TARGET_NAME)";
				SWIFT_EMIT_LOC_STRINGS = NO;
				SWIFT_VERSION = 5.0;
				TARGETED_DEVICE_FAMILY = "1,2";
				TEST_TARGET_NAME = PenguinGame;
			};
			name = Release;
		};
/* End XCBuildConfiguration section */

/* Begin XCConfigurationList section */
		81336CB02C115D9C00703870 /* Build configuration list for PBXProject "PenguinGame" */ = {
			isa = XCConfigurationList;
			buildConfigurations = (
				81336CD72C115D9E00703870 /* Debug */,
				81336CD82C115D9E00703870 /* Release */,
			);
			defaultConfigurationIsVisible = 0;
			defaultConfigurationName = Release;
		};
		81336CD92C115D9E00703870 /* Build configuration list for PBXNativeTarget "PenguinGame" */ = {
			isa = XCConfigurationList;
			buildConfigurations = (
				81336CDA2C115D9E00703870 /* Debug */,
				81336CDB2C115D9E00703870 /* Release */,
			);
			defaultConfigurationIsVisible = 0;
			defaultConfigurationName = Release;
		};
		81336CDC2C115D9E00703870 /* Build configuration list for PBXNativeTarget "PenguinGameTests" */ = {
			isa = XCConfigurationList;
			buildConfigurations = (
				81336CDD2C115D9E00703870 /* Debug */,
				81336CDE2C115D9E00703870 /* Release */,
			);
			defaultConfigurationIsVisible = 0;
			defaultConfigurationName = Release;
		};
		81336CDF2C115D9E00703870 /* Build configuration list for PBXNativeTarget "PenguinGameUITests" */ = {
			isa = XCConfigurationList;
			buildConfigurations = (
				81336CE02C115D9E00703870 /* Debug */,
				81336CE12C115D9E00703870 /* Release */,
			);
			defaultConfigurationIsVisible = 0;
			defaultConfigurationName = Release;
		};
/* End XCConfigurationList section */
	};
	rootObject = 81336CAD2C115D9C00703870 /* Project object */;
}
